// !$*UTF8*$!
{
	archiveVersion = 1;
	classes = {
	};
	objectVersion = 56;
	objects = {

/* Begin PBXBuildFile section */
		1768ACE329CCE869002703C5 /* NaturiaApp.swift in Sources */ = {isa = PBXBuildFile; fileRef = 1768ACE229CCE869002703C5 /* NaturiaApp.swift */; };
		1768ACE729CCE86A002703C5 /* Assets.xcassets in Resources */ = {isa = PBXBuildFile; fileRef = 1768ACE629CCE86A002703C5 /* Assets.xcassets */; };
		1768ACEB29CCE86A002703C5 /* Preview Assets.xcassets in Resources */ = {isa = PBXBuildFile; fileRef = 1768ACEA29CCE86A002703C5 /* Preview Assets.xcassets */; };
		4787B88A29D36AD900BBC7EE /* DrawingCanvas.swift in Sources */ = {isa = PBXBuildFile; fileRef = 4787B88929D36AD900BBC7EE /* DrawingCanvas.swift */; };
		4787B88C29D36B1700BBC7EE /* ExpandableImageView.swift in Sources */ = {isa = PBXBuildFile; fileRef = 4787B88B29D36B1700BBC7EE /* ExpandableImageView.swift */; };
		4787B89729D36B9800BBC7EE /* CanvasView.swift in Sources */ = {isa = PBXBuildFile; fileRef = 4787B89429D36B9800BBC7EE /* CanvasView.swift */; };
		4787B89829D36B9800BBC7EE /* CanvasViewModel.swift in Sources */ = {isa = PBXBuildFile; fileRef = 4787B89529D36B9800BBC7EE /* CanvasViewModel.swift */; };
		4787B89929D36B9800BBC7EE /* Canvas.swift in Sources */ = {isa = PBXBuildFile; fileRef = 4787B89629D36B9800BBC7EE /* Canvas.swift */; };
/* End PBXBuildFile section */

/* Begin PBXFileReference section */
		1768ACDF29CCE869002703C5 /* Naturia.app */ = {isa = PBXFileReference; explicitFileType = wrapper.application; includeInIndex = 0; path = Naturia.app; sourceTree = BUILT_PRODUCTS_DIR; };
		1768ACE229CCE869002703C5 /* NaturiaApp.swift */ = {isa = PBXFileReference; lastKnownFileType = sourcecode.swift; path = NaturiaApp.swift; sourceTree = "<group>"; };
		1768ACE629CCE86A002703C5 /* Assets.xcassets */ = {isa = PBXFileReference; lastKnownFileType = folder.assetcatalog; path = Assets.xcassets; sourceTree = "<group>"; };
		1768ACE829CCE86A002703C5 /* Naturia.entitlements */ = {isa = PBXFileReference; lastKnownFileType = text.plist.entitlements; path = Naturia.entitlements; sourceTree = "<group>"; };
		1768ACEA29CCE86A002703C5 /* Preview Assets.xcassets */ = {isa = PBXFileReference; lastKnownFileType = folder.assetcatalog; path = "Preview Assets.xcassets"; sourceTree = "<group>"; };
		4787B88929D36AD900BBC7EE /* DrawingCanvas.swift */ = {isa = PBXFileReference; lastKnownFileType = sourcecode.swift; path = DrawingCanvas.swift; sourceTree = "<group>"; };
		4787B88B29D36B1700BBC7EE /* ExpandableImageView.swift */ = {isa = PBXFileReference; lastKnownFileType = sourcecode.swift; path = ExpandableImageView.swift; sourceTree = "<group>"; };
		4787B89429D36B9800BBC7EE /* CanvasView.swift */ = {isa = PBXFileReference; lastKnownFileType = sourcecode.swift; path = CanvasView.swift; sourceTree = "<group>"; };
		4787B89529D36B9800BBC7EE /* CanvasViewModel.swift */ = {isa = PBXFileReference; lastKnownFileType = sourcecode.swift; path = CanvasViewModel.swift; sourceTree = "<group>"; };
		4787B89629D36B9800BBC7EE /* Canvas.swift */ = {isa = PBXFileReference; lastKnownFileType = sourcecode.swift; path = Canvas.swift; sourceTree = "<group>"; };
/* End PBXFileReference section */

/* Begin PBXFrameworksBuildPhase section */
		1768ACDC29CCE869002703C5 /* Frameworks */ = {
			isa = PBXFrameworksBuildPhase;
			buildActionMask = 2147483647;
			files = (
			);
			runOnlyForDeploymentPostprocessing = 0;
		};
/* End PBXFrameworksBuildPhase section */

/* Begin PBXGroup section */
		1768ACD629CCE869002703C5 = {
			isa = PBXGroup;
			children = (
				1768ACE129CCE869002703C5 /* Naturia */,
				1768ACE029CCE869002703C5 /* Products */,
			);
			sourceTree = "<group>";
		};
		1768ACE029CCE869002703C5 /* Products */ = {
			isa = PBXGroup;
			children = (
				1768ACDF29CCE869002703C5 /* Naturia.app */,
			);
			name = Products;
			sourceTree = "<group>";
		};
		1768ACE129CCE869002703C5 /* Naturia */ = {
			isa = PBXGroup;
			children = (
				4787B87F29D3689300BBC7EE /* UI */,
				1768ACE229CCE869002703C5 /* NaturiaApp.swift */,
				1768ACE629CCE86A002703C5 /* Assets.xcassets */,
				1768ACE829CCE86A002703C5 /* Naturia.entitlements */,
				1768ACE929CCE86A002703C5 /* Preview Content */,
			);
			path = Naturia;
			sourceTree = "<group>";
		};
		1768ACE929CCE86A002703C5 /* Preview Content */ = {
			isa = PBXGroup;
			children = (
				1768ACEA29CCE86A002703C5 /* Preview Assets.xcassets */,
			);
			path = "Preview Content";
			sourceTree = "<group>";
		};
		4787B87F29D3689300BBC7EE /* UI */ = {
			isa = PBXGroup;
			children = (
				4787B88829D368FA00BBC7EE /* Components */,
				4787B88029D3689F00BBC7EE /* Modules */,
			);
			path = UI;
			sourceTree = "<group>";
		};
		4787B88029D3689F00BBC7EE /* Modules */ = {
			isa = PBXGroup;
			children = (
				4787B89329D36B5C00BBC7EE /* Canvas */,
			);
			path = Modules;
			sourceTree = "<group>";
		};
		4787B88829D368FA00BBC7EE /* Components */ = {
			isa = PBXGroup;
			children = (
				4787B88929D36AD900BBC7EE /* DrawingCanvas.swift */,
				4787B88B29D36B1700BBC7EE /* ExpandableImageView.swift */,
			);
			path = Components;
			sourceTree = "<group>";
		};
		4787B89329D36B5C00BBC7EE /* Canvas */ = {
			isa = PBXGroup;
			children = (
				4787B89429D36B9800BBC7EE /* CanvasView.swift */,
				4787B89529D36B9800BBC7EE /* CanvasViewModel.swift */,
				4787B89629D36B9800BBC7EE /* Canvas.swift */,
			);
			path = Canvas;
			sourceTree = "<group>";
		};
/* End PBXGroup section */

/* Begin PBXNativeTarget section */
		1768ACDE29CCE869002703C5 /* Naturia */ = {
			isa = PBXNativeTarget;
			buildConfigurationList = 1768ACEE29CCE86A002703C5 /* Build configuration list for PBXNativeTarget "Naturia" */;
			buildPhases = (
				1768ACDB29CCE869002703C5 /* Sources */,
				1768ACDC29CCE869002703C5 /* Frameworks */,
				1768ACDD29CCE869002703C5 /* Resources */,
			);
			buildRules = (
			);
			dependencies = (
			);
			name = Naturia;
			productName = Naturia;
			productReference = 1768ACDF29CCE869002703C5 /* Naturia.app */;
			productType = "com.apple.product-type.application";
		};
/* End PBXNativeTarget section */

/* Begin PBXProject section */
		1768ACD729CCE869002703C5 /* Project object */ = {
			isa = PBXProject;
			attributes = {
				BuildIndependentTargetsInParallel = 1;
				LastSwiftUpdateCheck = 1420;
				LastUpgradeCheck = 1420;
				TargetAttributes = {
					1768ACDE29CCE869002703C5 = {
						CreatedOnToolsVersion = 14.2;
					};
				};
			};
			buildConfigurationList = 1768ACDA29CCE869002703C5 /* Build configuration list for PBXProject "Naturia" */;
			compatibilityVersion = "Xcode 14.0";
			developmentRegion = en;
			hasScannedForEncodings = 0;
			knownRegions = (
				en,
				Base,
			);
			mainGroup = 1768ACD629CCE869002703C5;
			productRefGroup = 1768ACE029CCE869002703C5 /* Products */;
			projectDirPath = "";
			projectRoot = "";
			targets = (
				1768ACDE29CCE869002703C5 /* Naturia */,
			);
		};
/* End PBXProject section */

/* Begin PBXResourcesBuildPhase section */
		1768ACDD29CCE869002703C5 /* Resources */ = {
			isa = PBXResourcesBuildPhase;
			buildActionMask = 2147483647;
			files = (
				1768ACEB29CCE86A002703C5 /* Preview Assets.xcassets in Resources */,
				1768ACE729CCE86A002703C5 /* Assets.xcassets in Resources */,
			);
			runOnlyForDeploymentPostprocessing = 0;
		};
/* End PBXResourcesBuildPhase section */

/* Begin PBXSourcesBuildPhase section */
		1768ACDB29CCE869002703C5 /* Sources */ = {
			isa = PBXSourcesBuildPhase;
			buildActionMask = 2147483647;
			files = (
				4787B89929D36B9800BBC7EE /* Canvas.swift in Sources */,
				4787B88A29D36AD900BBC7EE /* DrawingCanvas.swift in Sources */,
				4787B89829D36B9800BBC7EE /* CanvasViewModel.swift in Sources */,
				4787B89729D36B9800BBC7EE /* CanvasView.swift in Sources */,
				4787B88C29D36B1700BBC7EE /* ExpandableImageView.swift in Sources */,
				1768ACE329CCE869002703C5 /* NaturiaApp.swift in Sources */,
			);
			runOnlyForDeploymentPostprocessing = 0;
		};
/* End PBXSourcesBuildPhase section */

/* Begin XCBuildConfiguration section */
		1768ACEC29CCE86A002703C5 /* Debug */ = {
			isa = XCBuildConfiguration;
			buildSettings = {
				ALWAYS_SEARCH_USER_PATHS = NO;
				CLANG_ANALYZER_NONNULL = YES;
				CLANG_ANALYZER_NUMBER_OBJECT_CONVERSION = YES_AGGRESSIVE;
				CLANG_CXX_LANGUAGE_STANDARD = "gnu++20";
				CLANG_ENABLE_MODULES = YES;
				CLANG_ENABLE_OBJC_ARC = YES;
				CLANG_ENABLE_OBJC_WEAK = YES;
				CLANG_WARN_BLOCK_CAPTURE_AUTORELEASING = YES;
				CLANG_WARN_BOOL_CONVERSION = YES;
				CLANG_WARN_COMMA = YES;
				CLANG_WARN_CONSTANT_CONVERSION = YES;
				CLANG_WARN_DEPRECATED_OBJC_IMPLEMENTATIONS = YES;
				CLANG_WARN_DIRECT_OBJC_ISA_USAGE = YES_ERROR;
				CLANG_WARN_DOCUMENTATION_COMMENTS = YES;
				CLANG_WARN_EMPTY_BODY = YES;
				CLANG_WARN_ENUM_CONVERSION = YES;
				CLANG_WARN_INFINITE_RECURSION = YES;
				CLANG_WARN_INT_CONVERSION = YES;
				CLANG_WARN_NON_LITERAL_NULL_CONVERSION = YES;
				CLANG_WARN_OBJC_IMPLICIT_RETAIN_SELF = YES;
				CLANG_WARN_OBJC_LITERAL_CONVERSION = YES;
				CLANG_WARN_OBJC_ROOT_CLASS = YES_ERROR;
				CLANG_WARN_QUOTED_INCLUDE_IN_FRAMEWORK_HEADER = YES;
				CLANG_WARN_RANGE_LOOP_ANALYSIS = YES;
				CLANG_WARN_STRICT_PROTOTYPES = YES;
				CLANG_WARN_SUSPICIOUS_MOVE = YES;
				CLANG_WARN_UNGUARDED_AVAILABILITY = YES_AGGRESSIVE;
				CLANG_WARN_UNREACHABLE_CODE = YES;
				CLANG_WARN__DUPLICATE_METHOD_MATCH = YES;
				COPY_PHASE_STRIP = NO;
				DEBUG_INFORMATION_FORMAT = dwarf;
				ENABLE_STRICT_OBJC_MSGSEND = YES;
				ENABLE_TESTABILITY = YES;
				GCC_C_LANGUAGE_STANDARD = gnu11;
				GCC_DYNAMIC_NO_PIC = NO;
				GCC_NO_COMMON_BLOCKS = YES;
				GCC_OPTIMIZATION_LEVEL = 0;
				GCC_PREPROCESSOR_DEFINITIONS = (
					"DEBUG=1",
					"$(inherited)",
				);
				GCC_WARN_64_TO_32_BIT_CONVERSION = YES;
				GCC_WARN_ABOUT_RETURN_TYPE = YES_ERROR;
				GCC_WARN_UNDECLARED_SELECTOR = YES;
				GCC_WARN_UNINITIALIZED_AUTOS = YES_AGGRESSIVE;
				GCC_WARN_UNUSED_FUNCTION = YES;
				GCC_WARN_UNUSED_VARIABLE = YES;
				MTL_ENABLE_DEBUG_INFO = INCLUDE_SOURCE;
				MTL_FAST_MATH = YES;
				ONLY_ACTIVE_ARCH = YES;
				SWIFT_ACTIVE_COMPILATION_CONDITIONS = DEBUG;
				SWIFT_OPTIMIZATION_LEVEL = "-Onone";
			};
			name = Debug;
		};
		1768ACED29CCE86A002703C5 /* Release */ = {
			isa = XCBuildConfiguration;
			buildSettings = {
				ALWAYS_SEARCH_USER_PATHS = NO;
				CLANG_ANALYZER_NONNULL = YES;
				CLANG_ANALYZER_NUMBER_OBJECT_CONVERSION = YES_AGGRESSIVE;
				CLANG_CXX_LANGUAGE_STANDARD = "gnu++20";
				CLANG_ENABLE_MODULES = YES;
				CLANG_ENABLE_OBJC_ARC = YES;
				CLANG_ENABLE_OBJC_WEAK = YES;
				CLANG_WARN_BLOCK_CAPTURE_AUTORELEASING = YES;
				CLANG_WARN_BOOL_CONVERSION = YES;
				CLANG_WARN_COMMA = YES;
				CLANG_WARN_CONSTANT_CONVERSION = YES;
				CLANG_WARN_DEPRECATED_OBJC_IMPLEMENTATIONS = YES;
				CLANG_WARN_DIRECT_OBJC_ISA_USAGE = YES_ERROR;
				CLANG_WARN_DOCUMENTATION_COMMENTS = YES;
				CLANG_WARN_EMPTY_BODY = YES;
				CLANG_WARN_ENUM_CONVERSION = YES;
				CLANG_WARN_INFINITE_RECURSION = YES;
				CLANG_WARN_INT_CONVERSION = YES;
				CLANG_WARN_NON_LITERAL_NULL_CONVERSION = YES;
				CLANG_WARN_OBJC_IMPLICIT_RETAIN_SELF = YES;
				CLANG_WARN_OBJC_LITERAL_CONVERSION = YES;
				CLANG_WARN_OBJC_ROOT_CLASS = YES_ERROR;
				CLANG_WARN_QUOTED_INCLUDE_IN_FRAMEWORK_HEADER = YES;
				CLANG_WARN_RANGE_LOOP_ANALYSIS = YES;
				CLANG_WARN_STRICT_PROTOTYPES = YES;
				CLANG_WARN_SUSPICIOUS_MOVE = YES;
				CLANG_WARN_UNGUARDED_AVAILABILITY = YES_AGGRESSIVE;
				CLANG_WARN_UNREACHABLE_CODE = YES;
				CLANG_WARN__DUPLICATE_METHOD_MATCH = YES;
				COPY_PHASE_STRIP = NO;
				DEBUG_INFORMATION_FORMAT = "dwarf-with-dsym";
				ENABLE_NS_ASSERTIONS = NO;
				ENABLE_STRICT_OBJC_MSGSEND = YES;
				GCC_C_LANGUAGE_STANDARD = gnu11;
				GCC_NO_COMMON_BLOCKS = YES;
				GCC_WARN_64_TO_32_BIT_CONVERSION = YES;
				GCC_WARN_ABOUT_RETURN_TYPE = YES_ERROR;
				GCC_WARN_UNDECLARED_SELECTOR = YES;
				GCC_WARN_UNINITIALIZED_AUTOS = YES_AGGRESSIVE;
				GCC_WARN_UNUSED_FUNCTION = YES;
				GCC_WARN_UNUSED_VARIABLE = YES;
				MTL_ENABLE_DEBUG_INFO = NO;
				MTL_FAST_MATH = YES;
				SWIFT_COMPILATION_MODE = wholemodule;
				SWIFT_OPTIMIZATION_LEVEL = "-O";
			};
			name = Release;
		};
		1768ACEF29CCE86A002703C5 /* Debug */ = {
			isa = XCBuildConfiguration;
			buildSettings = {
				ASSETCATALOG_COMPILER_APPICON_NAME = AppIcon;
				ASSETCATALOG_COMPILER_GLOBAL_ACCENT_COLOR_NAME = AccentColor;
				CODE_SIGN_ENTITLEMENTS = Naturia/Naturia.entitlements;
				CODE_SIGN_STYLE = Automatic;
				CURRENT_PROJECT_VERSION = 1;
				DEVELOPMENT_ASSET_PATHS = "\"Naturia/Preview Content\"";
				DEVELOPMENT_TEAM = 749Q737TF5;
				ENABLE_HARDENED_RUNTIME = YES;
				ENABLE_PREVIEWS = YES;
				GENERATE_INFOPLIST_FILE = YES;
				"INFOPLIST_KEY_UIApplicationSceneManifest_Generation[sdk=iphoneos*]" = YES;
				"INFOPLIST_KEY_UIApplicationSceneManifest_Generation[sdk=iphonesimulator*]" = YES;
				"INFOPLIST_KEY_UIApplicationSupportsIndirectInputEvents[sdk=iphoneos*]" = YES;
				"INFOPLIST_KEY_UIApplicationSupportsIndirectInputEvents[sdk=iphonesimulator*]" = YES;
				"INFOPLIST_KEY_UILaunchScreen_Generation[sdk=iphoneos*]" = YES;
				"INFOPLIST_KEY_UILaunchScreen_Generation[sdk=iphonesimulator*]" = YES;
				"INFOPLIST_KEY_UIStatusBarStyle[sdk=iphoneos*]" = UIStatusBarStyleDefault;
				"INFOPLIST_KEY_UIStatusBarStyle[sdk=iphonesimulator*]" = UIStatusBarStyleDefault;
				INFOPLIST_KEY_UISupportedInterfaceOrientations_iPad = "UIInterfaceOrientationPortrait UIInterfaceOrientationPortraitUpsideDown UIInterfaceOrientationLandscapeLeft UIInterfaceOrientationLandscapeRight";
				INFOPLIST_KEY_UISupportedInterfaceOrientations_iPhone = "UIInterfaceOrientationPortrait UIInterfaceOrientationLandscapeLeft UIInterfaceOrientationLandscapeRight";
				IPHONEOS_DEPLOYMENT_TARGET = 16.2;
				LD_RUNPATH_SEARCH_PATHS = "@executable_path/Frameworks";
				"LD_RUNPATH_SEARCH_PATHS[sdk=macosx*]" = "@executable_path/../Frameworks";
				MACOSX_DEPLOYMENT_TARGET = 13.1;
				MARKETING_VERSION = 1.0;
				PRODUCT_BUNDLE_IDENTIFIER = br.ufpe.cin.academy.Naturia;
				PRODUCT_NAME = "$(TARGET_NAME)";
				SDKROOT = auto;
				SUPPORTED_PLATFORMS = "iphoneos iphonesimulator macosx";
				SWIFT_EMIT_LOC_STRINGS = YES;
				SWIFT_VERSION = 5.0;
				TARGETED_DEVICE_FAMILY = "1,2";
			};
			name = Debug;
		};
		1768ACF029CCE86A002703C5 /* Release */ = {
			isa = XCBuildConfiguration;
			buildSettings = {
				ASSETCATALOG_COMPILER_APPICON_NAME = AppIcon;
				ASSETCATALOG_COMPILER_GLOBAL_ACCENT_COLOR_NAME = AccentColor;
				CODE_SIGN_ENTITLEMENTS = Naturia/Naturia.entitlements;
				CODE_SIGN_STYLE = Automatic;
				CURRENT_PROJECT_VERSION = 1;
				DEVELOPMENT_ASSET_PATHS = "\"Naturia/Preview Content\"";
				DEVELOPMENT_TEAM = 749Q737TF5;
				ENABLE_HARDENED_RUNTIME = YES;
				ENABLE_PREVIEWS = YES;
				GENERATE_INFOPLIST_FILE = YES;
				"INFOPLIST_KEY_UIApplicationSceneManifest_Generation[sdk=iphoneos*]" = YES;
				"INFOPLIST_KEY_UIApplicationSceneManifest_Generation[sdk=iphonesimulator*]" = YES;
				"INFOPLIST_KEY_UIApplicationSupportsIndirectInputEvents[sdk=iphoneos*]" = YES;
				"INFOPLIST_KEY_UIApplicationSupportsIndirectInputEvents[sdk=iphonesimulator*]" = YES;
				"INFOPLIST_KEY_UILaunchScreen_Generation[sdk=iphoneos*]" = YES;
				"INFOPLIST_KEY_UILaunchScreen_Generation[sdk=iphonesimulator*]" = YES;
				"INFOPLIST_KEY_UIStatusBarStyle[sdk=iphoneos*]" = UIStatusBarStyleDefault;
				"INFOPLIST_KEY_UIStatusBarStyle[sdk=iphonesimulator*]" = UIStatusBarStyleDefault;
				INFOPLIST_KEY_UISupportedInterfaceOrientations_iPad = "UIInterfaceOrientationPortrait UIInterfaceOrientationPortraitUpsideDown UIInterfaceOrientationLandscapeLeft UIInterfaceOrientationLandscapeRight";
				INFOPLIST_KEY_UISupportedInterfaceOrientations_iPhone = "UIInterfaceOrientationPortrait UIInterfaceOrientationLandscapeLeft UIInterfaceOrientationLandscapeRight";
				IPHONEOS_DEPLOYMENT_TARGET = 16.2;
				LD_RUNPATH_SEARCH_PATHS = "@executable_path/Frameworks";
				"LD_RUNPATH_SEARCH_PATHS[sdk=macosx*]" = "@executable_path/../Frameworks";
				MACOSX_DEPLOYMENT_TARGET = 13.1;
				MARKETING_VERSION = 1.0;
				PRODUCT_BUNDLE_IDENTIFIER = br.ufpe.cin.academy.Naturia;
				PRODUCT_NAME = "$(TARGET_NAME)";
				SDKROOT = auto;
				SUPPORTED_PLATFORMS = "iphoneos iphonesimulator macosx";
				SWIFT_EMIT_LOC_STRINGS = YES;
				SWIFT_VERSION = 5.0;
				TARGETED_DEVICE_FAMILY = "1,2";
			};
			name = Release;
		};
/* End XCBuildConfiguration section */

/* Begin XCConfigurationList section */
		1768ACDA29CCE869002703C5 /* Build configuration list for PBXProject "Naturia" */ = {
			isa = XCConfigurationList;
			buildConfigurations = (
				1768ACEC29CCE86A002703C5 /* Debug */,
				1768ACED29CCE86A002703C5 /* Release */,
			);
			defaultConfigurationIsVisible = 0;
			defaultConfigurationName = Release;
		};
		1768ACEE29CCE86A002703C5 /* Build configuration list for PBXNativeTarget "Naturia" */ = {
			isa = XCConfigurationList;
			buildConfigurations = (
				1768ACEF29CCE86A002703C5 /* Debug */,
				1768ACF029CCE86A002703C5 /* Release */,
			);
			defaultConfigurationIsVisible = 0;
			defaultConfigurationName = Release;
		};
/* End XCConfigurationList section */
	};
	rootObject = 1768ACD729CCE869002703C5 /* Project object */;
}
